
Microsoft Visual Studio Solution File, Format Version 12.00
# Visual Studio Version 17
VisualStudioVersion = 17.3.32929.385
MinimumVisualStudioVersion = 10.0.40219.1
Project("{FAE04EC0-301F-11D3-BF4B-00C04F79EFBC}") = "EducationalCenterAPI", "EducationalCenterAPI\EducationalCenterAPI.csproj", "{E9FFC48C-6AAB-48AB-95D5-DF29EF3B52D5}"
EndProject
Global
	GlobalSection(SolutionConfigurationPlatforms) = preSolution
		Debug|Any CPU = Debug|Any CPU
		Release|Any CPU = Release|Any CPU
	EndGlobalSection
	GlobalSection(ProjectConfigurationPlatforms) = postSolution
		{E9FFC48C-6AAB-48AB-95D5-DF29EF3B52D5}.Debug|Any CPU.ActiveCfg = Debug|Any CPU
		{E9FFC48C-6AAB-48AB-95D5-DF29EF3B52D5}.Debug|Any CPU.Build.0 = Debug|Any CPU
		{E9FFC48C-6AAB-48AB-95D5-DF29EF3B52D5}.Release|Any CPU.ActiveCfg = Release|Any CPU
		{E9FFC48C-6AAB-48AB-95D5-DF29EF3B52D5}.Release|Any CPU.Build.0 = Release|Any CPU
	EndGlobalSection
	GlobalSection(SolutionProperties) = preSolution
		HideSolutionNode = FALSE
	EndGlobalSection
	GlobalSection(ExtensibilityGlobals) = postSolution
		SolutionGuid = {FE96C848-C9CD-4BBC-86B3-A6513B4B2620}
	EndGlobalSection
EndGlobal
